
Microsoft Visual Studio Solution File, Format Version 12.00
# Visual Studio 15
VisualStudioVersion = 15.0.28010.0
MinimumVisualStudioVersion = 10.0.40219.1
Project("{9A19103F-16F7-4668-BE54-9A1E7A4F7556}") = "RSACryptor", "RSACryptor\RSACryptor.csproj", "{DBEF6778-312C-4956-B29C-554C41FC554A}"
EndProject
Project("{FAE04EC0-301F-11D3-BF4B-00C04F79EFBC}") = "RSACryptor.Tests", "RSACryptor.Tests\RSACryptor.Tests.csproj", "{3D967934-5C98-4459-8DB4-B92C3DC7FC73}"
EndProject
Global
	GlobalSection(SolutionConfigurationPlatforms) = preSolution
		Debug|Any CPU = Debug|Any CPU
		Release|Any CPU = Release|Any CPU
	EndGlobalSection
	GlobalSection(ProjectConfigurationPlatforms) = postSolution
		{DBEF6778-312C-4956-B29C-554C41FC554A}.Debug|Any CPU.ActiveCfg = Debug|Any CPU
		{DBEF6778-312C-4956-B29C-554C41FC554A}.Debug|Any CPU.Build.0 = Debug|Any CPU
		{DBEF6778-312C-4956-B29C-554C41FC554A}.Release|Any CPU.ActiveCfg = Release|Any CPU
		{DBEF6778-312C-4956-B29C-554C41FC554A}.Release|Any CPU.Build.0 = Release|Any CPU
		{3D967934-5C98-4459-8DB4-B92C3DC7FC73}.Debug|Any CPU.ActiveCfg = Debug|Any CPU
		{3D967934-5C98-4459-8DB4-B92C3DC7FC73}.Debug|Any CPU.Build.0 = Debug|Any CPU
		{3D967934-5C98-4459-8DB4-B92C3DC7FC73}.Release|Any CPU.ActiveCfg = Release|Any CPU
		{3D967934-5C98-4459-8DB4-B92C3DC7FC73}.Release|Any CPU.Build.0 = Release|Any CPU
	EndGlobalSection
	GlobalSection(SolutionProperties) = preSolution
		HideSolutionNode = FALSE
	EndGlobalSection
	GlobalSection(ExtensibilityGlobals) = postSolution
		SolutionGuid = {FAC4B4B7-CD7E-46B2-B609-CCF8032298A3}
	EndGlobalSection
EndGlobal
